// !$*UTF8*$!
{
	archiveVersion = 1;
	classes = {
	};
	objectVersion = 55;
	objects = {

/* Begin PBXBuildFile section */
		58B90D2628784EF600324A73 /* AppDelegate.swift in Sources */ = {isa = PBXBuildFile; fileRef = 58B90D2528784EF600324A73 /* AppDelegate.swift */; };
		58B90D2828784EF600324A73 /* SceneDelegate.swift in Sources */ = {isa = PBXBuildFile; fileRef = 58B90D2728784EF600324A73 /* SceneDelegate.swift */; };
		58B90D2A28784EF600324A73 /* ViewController.swift in Sources */ = {isa = PBXBuildFile; fileRef = 58B90D2928784EF600324A73 /* ViewController.swift */; };
		58B90D2D28784EF600324A73 /* Main.storyboard in Resources */ = {isa = PBXBuildFile; fileRef = 58B90D2B28784EF600324A73 /* Main.storyboard */; };
		58B90D2F28784EFB00324A73 /* Assets.xcassets in Resources */ = {isa = PBXBuildFile; fileRef = 58B90D2E28784EFB00324A73 /* Assets.xcassets */; };
		58B90D3228784EFB00324A73 /* LaunchScreen.storyboard in Resources */ = {isa = PBXBuildFile; fileRef = 58B90D3028784EFB00324A73 /* LaunchScreen.storyboard */; };
		58B90D3D28784EFC00324A73 /* userDefaultsTests.swift in Sources */ = {isa = PBXBuildFile; fileRef = 58B90D3C28784EFC00324A73 /* userDefaultsTests.swift */; };
		58B90D4728784EFC00324A73 /* userDefaultsUITests.swift in Sources */ = {isa = PBXBuildFile; fileRef = 58B90D4628784EFC00324A73 /* userDefaultsUITests.swift */; };
		58B90D4928784EFC00324A73 /* userDefaultsUITestsLaunchTests.swift in Sources */ = {isa = PBXBuildFile; fileRef = 58B90D4828784EFC00324A73 /* userDefaultsUITestsLaunchTests.swift */; };
/* End PBXBuildFile section */

/* Begin PBXContainerItemProxy section */
		58B90D3928784EFC00324A73 /* PBXContainerItemProxy */ = {
			isa = PBXContainerItemProxy;
			containerPortal = 58B90D1A28784EF600324A73 /* Project object */;
			proxyType = 1;
			remoteGlobalIDString = 58B90D2128784EF600324A73;
			remoteInfo = userDefaults;
		};
		58B90D4328784EFC00324A73 /* PBXContainerItemProxy */ = {
			isa = PBXContainerItemProxy;
			containerPortal = 58B90D1A28784EF600324A73 /* Project object */;
			proxyType = 1;
			remoteGlobalIDString = 58B90D2128784EF600324A73;
			remoteInfo = userDefaults;
		};
/* End PBXContainerItemProxy section */

/* Begin PBXFileReference section */
		58B90D2228784EF600324A73 /* userDefaults.app */ = {isa = PBXFileReference; explicitFileType = wrapper.application; includeInIndex = 0; path = userDefaults.app; sourceTree = BUILT_PRODUCTS_DIR; };
		58B90D2528784EF600324A73 /* AppDelegate.swift */ = {isa = PBXFileReference; lastKnownFileType = sourcecode.swift; path = AppDelegate.swift; sourceTree = "<group>"; };
		58B90D2728784EF600324A73 /* SceneDelegate.swift */ = {isa = PBXFileReference; lastKnownFileType = sourcecode.swift; path = SceneDelegate.swift; sourceTree = "<group>"; };
		58B90D2928784EF600324A73 /* ViewController.swift */ = {isa = PBXFileReference; lastKnownFileType = sourcecode.swift; path = ViewController.swift; sourceTree = "<group>"; };
		58B90D2C28784EF600324A73 /* Base */ = {isa = PBXFileReference; lastKnownFileType = file.storyboard; name = Base; path = Base.lproj/Main.storyboard; sourceTree = "<group>"; };
		58B90D2E28784EFB00324A73 /* Assets.xcassets */ = {isa = PBXFileReference; lastKnownFileType = folder.assetcatalog; path = Assets.xcassets; sourceTree = "<group>"; };
		58B90D3128784EFB00324A73 /* Base */ = {isa = PBXFileReference; lastKnownFileType = file.storyboard; name = Base; path = Base.lproj/LaunchScreen.storyboard; sourceTree = "<group>"; };
		58B90D3328784EFB00324A73 /* Info.plist */ = {isa = PBXFileReference; lastKnownFileType = text.plist.xml; path = Info.plist; sourceTree = "<group>"; };
		58B90D3828784EFC00324A73 /* userDefaultsTests.xctest */ = {isa = PBXFileReference; explicitFileType = wrapper.cfbundle; includeInIndex = 0; path = userDefaultsTests.xctest; sourceTree = BUILT_PRODUCTS_DIR; };
		58B90D3C28784EFC00324A73 /* userDefaultsTests.swift */ = {isa = PBXFileReference; lastKnownFileType = sourcecode.swift; path = userDefaultsTests.swift; sourceTree = "<group>"; };
		58B90D4228784EFC00324A73 /* userDefaultsUITests.xctest */ = {isa = PBXFileReference; explicitFileType = wrapper.cfbundle; includeInIndex = 0; path = userDefaultsUITests.xctest; sourceTree = BUILT_PRODUCTS_DIR; };
		58B90D4628784EFC00324A73 /* userDefaultsUITests.swift */ = {isa = PBXFileReference; lastKnownFileType = sourcecode.swift; path = userDefaultsUITests.swift; sourceTree = "<group>"; };
		58B90D4828784EFC00324A73 /* userDefaultsUITestsLaunchTests.swift */ = {isa = PBXFileReference; lastKnownFileType = sourcecode.swift; path = userDefaultsUITestsLaunchTests.swift; sourceTree = "<group>"; };
/* End PBXFileReference section */

/* Begin PBXFrameworksBuildPhase section */
		58B90D1F28784EF600324A73 /* Frameworks */ = {
			isa = PBXFrameworksBuildPhase;
			buildActionMask = 2147483647;
			files = (
			);
			runOnlyForDeploymentPostprocessing = 0;
		};
		58B90D3528784EFC00324A73 /* Frameworks */ = {
			isa = PBXFrameworksBuildPhase;
			buildActionMask = 2147483647;
			files = (
			);
			runOnlyForDeploymentPostprocessing = 0;
		};
		58B90D3F28784EFC00324A73 /* Frameworks */ = {
			isa = PBXFrameworksBuildPhase;
			buildActionMask = 2147483647;
			files = (
			);
			runOnlyForDeploymentPostprocessing = 0;
		};
/* End PBXFrameworksBuildPhase section */

/* Begin PBXGroup section */
		58B90D1928784EF600324A73 = {
			isa = PBXGroup;
			children = (
				58B90D2428784EF600324A73 /* userDefaults */,
				58B90D3B28784EFC00324A73 /* userDefaultsTests */,
				58B90D4528784EFC00324A73 /* userDefaultsUITests */,
				58B90D2328784EF600324A73 /* Products */,
			);
			sourceTree = "<group>";
		};
		58B90D2328784EF600324A73 /* Products */ = {
			isa = PBXGroup;
			children = (
				58B90D2228784EF600324A73 /* userDefaults.app */,
				58B90D3828784EFC00324A73 /* userDefaultsTests.xctest */,
				58B90D4228784EFC00324A73 /* userDefaultsUITests.xctest */,
			);
			name = Products;
			sourceTree = "<group>";
		};
		58B90D2428784EF600324A73 /* userDefaults */ = {
			isa = PBXGroup;
			children = (
				58B90D2528784EF600324A73 /* AppDelegate.swift */,
				58B90D2728784EF600324A73 /* SceneDelegate.swift */,
				58B90D2928784EF600324A73 /* ViewController.swift */,
				58B90D2B28784EF600324A73 /* Main.storyboard */,
				58B90D2E28784EFB00324A73 /* Assets.xcassets */,
				58B90D3028784EFB00324A73 /* LaunchScreen.storyboard */,
				58B90D3328784EFB00324A73 /* Info.plist */,
			);
			path = userDefaults;
			sourceTree = "<group>";
		};
		58B90D3B28784EFC00324A73 /* userDefaultsTests */ = {
			isa = PBXGroup;
			children = (
				58B90D3C28784EFC00324A73 /* userDefaultsTests.swift */,
			);
			path = userDefaultsTests;
			sourceTree = "<group>";
		};
		58B90D4528784EFC00324A73 /* userDefaultsUITests */ = {
			isa = PBXGroup;
			children = (
				58B90D4628784EFC00324A73 /* userDefaultsUITests.swift */,
				58B90D4828784EFC00324A73 /* userDefaultsUITestsLaunchTests.swift */,
			);
			path = userDefaultsUITests;
			sourceTree = "<group>";
		};
/* End PBXGroup section */

/* Begin PBXNativeTarget section */
		58B90D2128784EF600324A73 /* userDefaults */ = {
			isa = PBXNativeTarget;
			buildConfigurationList = 58B90D4C28784EFC00324A73 /* Build configuration list for PBXNativeTarget "userDefaults" */;
			buildPhases = (
				58B90D1E28784EF600324A73 /* Sources */,
				58B90D1F28784EF600324A73 /* Frameworks */,
				58B90D2028784EF600324A73 /* Resources */,
			);
			buildRules = (
			);
			dependencies = (
			);
			name = userDefaults;
			productName = userDefaults;
			productReference = 58B90D2228784EF600324A73 /* userDefaults.app */;
			productType = "com.apple.product-type.application";
		};
		58B90D3728784EFC00324A73 /* userDefaultsTests */ = {
			isa = PBXNativeTarget;
			buildConfigurationList = 58B90D4F28784EFC00324A73 /* Build configuration list for PBXNativeTarget "userDefaultsTests" */;
			buildPhases = (
				58B90D3428784EFC00324A73 /* Sources */,
				58B90D3528784EFC00324A73 /* Frameworks */,
				58B90D3628784EFC00324A73 /* Resources */,
			);
			buildRules = (
			);
			dependencies = (
				58B90D3A28784EFC00324A73 /* PBXTargetDependency */,
			);
			name = userDefaultsTests;
			productName = userDefaultsTests;
			productReference = 58B90D3828784EFC00324A73 /* userDefaultsTests.xctest */;
			productType = "com.apple.product-type.bundle.unit-test";
		};
		58B90D4128784EFC00324A73 /* userDefaultsUITests */ = {
			isa = PBXNativeTarget;
			buildConfigurationList = 58B90D5228784EFC00324A73 /* Build configuration list for PBXNativeTarget "userDefaultsUITests" */;
			buildPhases = (
				58B90D3E28784EFC00324A73 /* Sources */,
				58B90D3F28784EFC00324A73 /* Frameworks */,
				58B90D4028784EFC00324A73 /* Resources */,
			);
			buildRules = (
			);
			dependencies = (
				58B90D4428784EFC00324A73 /* PBXTargetDependency */,
			);
			name = userDefaultsUITests;
			productName = userDefaultsUITests;
			productReference = 58B90D4228784EFC00324A73 /* userDefaultsUITests.xctest */;
			productType = "com.apple.product-type.bundle.ui-testing";
		};
/* End PBXNativeTarget section */

/* Begin PBXProject section */
		58B90D1A28784EF600324A73 /* Project object */ = {
			isa = PBXProject;
			attributes = {
				BuildIndependentTargetsInParallel = 1;
				LastSwiftUpdateCheck = 1340;
				LastUpgradeCheck = 1340;
				TargetAttributes = {
					58B90D2128784EF600324A73 = {
						CreatedOnToolsVersion = 13.4.1;
					};
					58B90D3728784EFC00324A73 = {
						CreatedOnToolsVersion = 13.4.1;
						TestTargetID = 58B90D2128784EF600324A73;
					};
					58B90D4128784EFC00324A73 = {
						CreatedOnToolsVersion = 13.4.1;
						TestTargetID = 58B90D2128784EF600324A73;
					};
				};
			};
			buildConfigurationList = 58B90D1D28784EF600324A73 /* Build configuration list for PBXProject "userDefaults" */;
			compatibilityVersion = "Xcode 13.0";
			developmentRegion = en;
			hasScannedForEncodings = 0;
			knownRegions = (
				en,
				Base,
			);
			mainGroup = 58B90D1928784EF600324A73;
			productRefGroup = 58B90D2328784EF600324A73 /* Products */;
			projectDirPath = "";
			projectRoot = "";
			targets = (
				58B90D2128784EF600324A73 /* userDefaults */,
				58B90D3728784EFC00324A73 /* userDefaultsTests */,
				58B90D4128784EFC00324A73 /* userDefaultsUITests */,
			);
		};
/* End PBXProject section */

/* Begin PBXResourcesBuildPhase section */
		58B90D2028784EF600324A73 /* Resources */ = {
			isa = PBXResourcesBuildPhase;
			buildActionMask = 2147483647;
			files = (
				58B90D3228784EFB00324A73 /* LaunchScreen.storyboard in Resources */,
				58B90D2F28784EFB00324A73 /* Assets.xcassets in Resources */,
				58B90D2D28784EF600324A73 /* Main.storyboard in Resources */,
			);
			runOnlyForDeploymentPostprocessing = 0;
		};
		58B90D3628784EFC00324A73 /* Resources */ = {
			isa = PBXResourcesBuildPhase;
			buildActionMask = 2147483647;
			files = (
			);
			runOnlyForDeploymentPostprocessing = 0;
		};
		58B90D4028784EFC00324A73 /* Resources */ = {
			isa = PBXResourcesBuildPhase;
			buildActionMask = 2147483647;
			files = (
			);
			runOnlyForDeploymentPostprocessing = 0;
		};
/* End PBXResourcesBuildPhase section */

/* Begin PBXSourcesBuildPhase section */
		58B90D1E28784EF600324A73 /* Sources */ = {
			isa = PBXSourcesBuildPhase;
			buildActionMask = 2147483647;
			files = (
				58B90D2A28784EF600324A73 /* ViewController.swift in Sources */,
				58B90D2628784EF600324A73 /* AppDelegate.swift in Sources */,
				58B90D2828784EF600324A73 /* SceneDelegate.swift in Sources */,
			);
			runOnlyForDeploymentPostprocessing = 0;
		};
		58B90D3428784EFC00324A73 /* Sources */ = {
			isa = PBXSourcesBuildPhase;
			buildActionMask = 2147483647;
			files = (
				58B90D3D28784EFC00324A73 /* userDefaultsTests.swift in Sources */,
			);
			runOnlyForDeploymentPostprocessing = 0;
		};
		58B90D3E28784EFC00324A73 /* Sources */ = {
			isa = PBXSourcesBuildPhase;
			buildActionMask = 2147483647;
			files = (
				58B90D4728784EFC00324A73 /* userDefaultsUITests.swift in Sources */,
				58B90D4928784EFC00324A73 /* userDefaultsUITestsLaunchTests.swift in Sources */,
			);
			runOnlyForDeploymentPostprocessing = 0;
		};
/* End PBXSourcesBuildPhase section */

/* Begin PBXTargetDependency section */
		58B90D3A28784EFC00324A73 /* PBXTargetDependency */ = {
			isa = PBXTargetDependency;
			target = 58B90D2128784EF600324A73 /* userDefaults */;
			targetProxy = 58B90D3928784EFC00324A73 /* PBXContainerItemProxy */;
		};
		58B90D4428784EFC00324A73 /* PBXTargetDependency */ = {
			isa = PBXTargetDependency;
			target = 58B90D2128784EF600324A73 /* userDefaults */;
			targetProxy = 58B90D4328784EFC00324A73 /* PBXContainerItemProxy */;
		};
/* End PBXTargetDependency section */

/* Begin PBXVariantGroup section */
		58B90D2B28784EF600324A73 /* Main.storyboard */ = {
			isa = PBXVariantGroup;
			children = (
				58B90D2C28784EF600324A73 /* Base */,
			);
			name = Main.storyboard;
			sourceTree = "<group>";
		};
		58B90D3028784EFB00324A73 /* LaunchScreen.storyboard */ = {
			isa = PBXVariantGroup;
			children = (
				58B90D3128784EFB00324A73 /* Base */,
			);
			name = LaunchScreen.storyboard;
			sourceTree = "<group>";
		};
/* End PBXVariantGroup section */

/* Begin XCBuildConfiguration section */
		58B90D4A28784EFC00324A73 /* Debug */ = {
			isa = XCBuildConfiguration;
			buildSettings = {
				ALWAYS_SEARCH_USER_PATHS = NO;
				CLANG_ANALYZER_NONNULL = YES;
				CLANG_ANALYZER_NUMBER_OBJECT_CONVERSION = YES_AGGRESSIVE;
				CLANG_CXX_LANGUAGE_STANDARD = "gnu++17";
				CLANG_ENABLE_MODULES = YES;
				CLANG_ENABLE_OBJC_ARC = YES;
				CLANG_ENABLE_OBJC_WEAK = YES;
				CLANG_WARN_BLOCK_CAPTURE_AUTORELEASING = YES;
				CLANG_WARN_BOOL_CONVERSION = YES;
				CLANG_WARN_COMMA = YES;
				CLANG_WARN_CONSTANT_CONVERSION = YES;
				CLANG_WARN_DEPRECATED_OBJC_IMPLEMENTATIONS = YES;
				CLANG_WARN_DIRECT_OBJC_ISA_USAGE = YES_ERROR;
				CLANG_WARN_DOCUMENTATION_COMMENTS = YES;
				CLANG_WARN_EMPTY_BODY = YES;
				CLANG_WARN_ENUM_CONVERSION = YES;
				CLANG_WARN_INFINITE_RECURSION = YES;
				CLANG_WARN_INT_CONVERSION = YES;
				CLANG_WARN_NON_LITERAL_NULL_CONVERSION = YES;
				CLANG_WARN_OBJC_IMPLICIT_RETAIN_SELF = YES;
				CLANG_WARN_OBJC_LITERAL_CONVERSION = YES;
				CLANG_WARN_OBJC_ROOT_CLASS = YES_ERROR;
				CLANG_WARN_QUOTED_INCLUDE_IN_FRAMEWORK_HEADER = YES;
				CLANG_WARN_RANGE_LOOP_ANALYSIS = YES;
				CLANG_WARN_STRICT_PROTOTYPES = YES;
				CLANG_WARN_SUSPICIOUS_MOVE = YES;
				CLANG_WARN_UNGUARDED_AVAILABILITY = YES_AGGRESSIVE;
				CLANG_WARN_UNREACHABLE_CODE = YES;
				CLANG_WARN__DUPLICATE_METHOD_MATCH = YES;
				COPY_PHASE_STRIP = NO;
				DEBUG_INFORMATION_FORMAT = dwarf;
				ENABLE_STRICT_OBJC_MSGSEND = YES;
				ENABLE_TESTABILITY = YES;
				GCC_C_LANGUAGE_STANDARD = gnu11;
				GCC_DYNAMIC_NO_PIC = NO;
				GCC_NO_COMMON_BLOCKS = YES;
				GCC_OPTIMIZATION_LEVEL = 0;
				GCC_PREPROCESSOR_DEFINITIONS = (
					"DEBUG=1",
					"$(inherited)",
				);
				GCC_WARN_64_TO_32_BIT_CONVERSION = YES;
				GCC_WARN_ABOUT_RETURN_TYPE = YES_ERROR;
				GCC_WARN_UNDECLARED_SELECTOR = YES;
				GCC_WARN_UNINITIALIZED_AUTOS = YES_AGGRESSIVE;
				GCC_WARN_UNUSED_FUNCTION = YES;
				GCC_WARN_UNUSED_VARIABLE = YES;
				IPHONEOS_DEPLOYMENT_TARGET = 15.5;
				MTL_ENABLE_DEBUG_INFO = INCLUDE_SOURCE;
				MTL_FAST_MATH = YES;
				ONLY_ACTIVE_ARCH = YES;
				SDKROOT = iphoneos;
				SWIFT_ACTIVE_COMPILATION_CONDITIONS = DEBUG;
				SWIFT_OPTIMIZATION_LEVEL = "-Onone";
			};
			name = Debug;
		};
		58B90D4B28784EFC00324A73 /* Release */ = {
			isa = XCBuildConfiguration;
			buildSettings = {
				ALWAYS_SEARCH_USER_PATHS = NO;
				CLANG_ANALYZER_NONNULL = YES;
				CLANG_ANALYZER_NUMBER_OBJECT_CONVERSION = YES_AGGRESSIVE;
				CLANG_CXX_LANGUAGE_STANDARD = "gnu++17";
				CLANG_ENABLE_MODULES = YES;
				CLANG_ENABLE_OBJC_ARC = YES;
				CLANG_ENABLE_OBJC_WEAK = YES;
				CLANG_WARN_BLOCK_CAPTURE_AUTORELEASING = YES;
				CLANG_WARN_BOOL_CONVERSION = YES;
				CLANG_WARN_COMMA = YES;
				CLANG_WARN_CONSTANT_CONVERSION = YES;
				CLANG_WARN_DEPRECATED_OBJC_IMPLEMENTATIONS = YES;
				CLANG_WARN_DIRECT_OBJC_ISA_USAGE = YES_ERROR;
				CLANG_WARN_DOCUMENTATION_COMMENTS = YES;
				CLANG_WARN_EMPTY_BODY = YES;
				CLANG_WARN_ENUM_CONVERSION = YES;
				CLANG_WARN_INFINITE_RECURSION = YES;
				CLANG_WARN_INT_CONVERSION = YES;
				CLANG_WARN_NON_LITERAL_NULL_CONVERSION = YES;
				CLANG_WARN_OBJC_IMPLICIT_RETAIN_SELF = YES;
				CLANG_WARN_OBJC_LITERAL_CONVERSION = YES;
				CLANG_WARN_OBJC_ROOT_CLASS = YES_ERROR;
				CLANG_WARN_QUOTED_INCLUDE_IN_FRAMEWORK_HEADER = YES;
				CLANG_WARN_RANGE_LOOP_ANALYSIS = YES;
				CLANG_WARN_STRICT_PROTOTYPES = YES;
				CLANG_WARN_SUSPICIOUS_MOVE = YES;
				CLANG_WARN_UNGUARDED_AVAILABILITY = YES_AGGRESSIVE;
				CLANG_WARN_UNREACHABLE_CODE = YES;
				CLANG_WARN__DUPLICATE_METHOD_MATCH = YES;
				COPY_PHASE_STRIP = NO;
				DEBUG_INFORMATION_FORMAT = "dwarf-with-dsym";
				ENABLE_NS_ASSERTIONS = NO;
				ENABLE_STRICT_OBJC_MSGSEND = YES;
				GCC_C_LANGUAGE_STANDARD = gnu11;
				GCC_NO_COMMON_BLOCKS = YES;
				GCC_WARN_64_TO_32_BIT_CONVERSION = YES;
				GCC_WARN_ABOUT_RETURN_TYPE = YES_ERROR;
				GCC_WARN_UNDECLARED_SELECTOR = YES;
				GCC_WARN_UNINITIALIZED_AUTOS = YES_AGGRESSIVE;
				GCC_WARN_UNUSED_FUNCTION = YES;
				GCC_WARN_UNUSED_VARIABLE = YES;
				IPHONEOS_DEPLOYMENT_TARGET = 15.5;
				MTL_ENABLE_DEBUG_INFO = NO;
				MTL_FAST_MATH = YES;
				SDKROOT = iphoneos;
				SWIFT_COMPILATION_MODE = wholemodule;
				SWIFT_OPTIMIZATION_LEVEL = "-O";
				VALIDATE_PRODUCT = YES;
			};
			name = Release;
		};
		58B90D4D28784EFC00324A73 /* Debug */ = {
			isa = XCBuildConfiguration;
			buildSettings = {
				ASSETCATALOG_COMPILER_APPICON_NAME = AppIcon;
				ASSETCATALOG_COMPILER_GLOBAL_ACCENT_COLOR_NAME = AccentColor;
				CODE_SIGN_STYLE = Automatic;
				CURRENT_PROJECT_VERSION = 1;
				GENERATE_INFOPLIST_FILE = YES;
				INFOPLIST_FILE = userDefaults/Info.plist;
				INFOPLIST_KEY_UIApplicationSupportsIndirectInputEvents = YES;
				INFOPLIST_KEY_UILaunchStoryboardName = LaunchScreen;
				INFOPLIST_KEY_UIMainStoryboardFile = Main;
				INFOPLIST_KEY_UISupportedInterfaceOrientations_iPad = "UIInterfaceOrientationPortrait UIInterfaceOrientationPortraitUpsideDown UIInterfaceOrientationLandscapeLeft UIInterfaceOrientationLandscapeRight";
				INFOPLIST_KEY_UISupportedInterfaceOrientations_iPhone = "UIInterfaceOrientationPortrait UIInterfaceOrientationLandscapeLeft UIInterfaceOrientationLandscapeRight";
				LD_RUNPATH_SEARCH_PATHS = (
					"$(inherited)",
					"@executable_path/Frameworks",
				);
				MARKETING_VERSION = 1.0;
				PRODUCT_BUNDLE_IDENTIFIER = com.ertugrulberber.userDefaults;
				PRODUCT_NAME = "$(TARGET_NAME)";
				SWIFT_EMIT_LOC_STRINGS = YES;
				SWIFT_VERSION = 5.0;
				TARGETED_DEVICE_FAMILY = "1,2";
			};
			name = Debug;
		};
		58B90D4E28784EFC00324A73 /* Release */ = {
			isa = XCBuildConfiguration;
			buildSettings = {
				ASSETCATALOG_COMPILER_APPICON_NAME = AppIcon;
				ASSETCATALOG_COMPILER_GLOBAL_ACCENT_COLOR_NAME = AccentColor;
				CODE_SIGN_STYLE = Automatic;
				CURRENT_PROJECT_VERSION = 1;
				GENERATE_INFOPLIST_FILE = YES;
				INFOPLIST_FILE = userDefaults/Info.plist;
				INFOPLIST_KEY_UIApplicationSupportsIndirectInputEvents = YES;
				INFOPLIST_KEY_UILaunchStoryboardName = LaunchScreen;
				INFOPLIST_KEY_UIMainStoryboardFile = Main;
				INFOPLIST_KEY_UISupportedInterfaceOrientations_iPad = "UIInterfaceOrientationPortrait UIInterfaceOrientationPortraitUpsideDown UIInterfaceOrientationLandscapeLeft UIInterfaceOrientationLandscapeRight";
				INFOPLIST_KEY_UISupportedInterfaceOrientations_iPhone = "UIInterfaceOrientationPortrait UIInterfaceOrientationLandscapeLeft UIInterfaceOrientationLandscapeRight";
				LD_RUNPATH_SEARCH_PATHS = (
					"$(inherited)",
					"@executable_path/Frameworks",
				);
				MARKETING_VERSION = 1.0;
				PRODUCT_BUNDLE_IDENTIFIER = com.ertugrulberber.userDefaults;
				PRODUCT_NAME = "$(TARGET_NAME)";
				SWIFT_EMIT_LOC_STRINGS = YES;
				SWIFT_VERSION = 5.0;
				TARGETED_DEVICE_FAMILY = "1,2";
			};
			name = Release;
		};
		58B90D5028784EFC00324A73 /* Debug */ = {
			isa = XCBuildConfiguration;
			buildSettings = {
				ALWAYS_EMBED_SWIFT_STANDARD_LIBRARIES = YES;
				BUNDLE_LOADER = "$(TEST_HOST)";
				CODE_SIGN_STYLE = Automatic;
				CURRENT_PROJECT_VERSION = 1;
				GENERATE_INFOPLIST_FILE = YES;
				IPHONEOS_DEPLOYMENT_TARGET = 15.5;
				MARKETING_VERSION = 1.0;
				PRODUCT_BUNDLE_IDENTIFIER = com.ertugrulberber.userDefaultsTests;
				PRODUCT_NAME = "$(TARGET_NAME)";
				SWIFT_EMIT_LOC_STRINGS = NO;
				SWIFT_VERSION = 5.0;
				TARGETED_DEVICE_FAMILY = "1,2";
				TEST_HOST = "$(BUILT_PRODUCTS_DIR)/userDefaults.app/userDefaults";
			};
			name = Debug;
		};
		58B90D5128784EFC00324A73 /* Release */ = {
			isa = XCBuildConfiguration;
			buildSettings = {
				ALWAYS_EMBED_SWIFT_STANDARD_LIBRARIES = YES;
				BUNDLE_LOADER = "$(TEST_HOST)";
				CODE_SIGN_STYLE = Automatic;
				CURRENT_PROJECT_VERSION = 1;
				GENERATE_INFOPLIST_FILE = YES;
				IPHONEOS_DEPLOYMENT_TARGET = 15.5;
				MARKETING_VERSION = 1.0;
				PRODUCT_BUNDLE_IDENTIFIER = com.ertugrulberber.userDefaultsTests;
				PRODUCT_NAME = "$(TARGET_NAME)";
				SWIFT_EMIT_LOC_STRINGS = NO;
				SWIFT_VERSION = 5.0;
				TARGETED_DEVICE_FAMILY = "1,2";
				TEST_HOST = "$(BUILT_PRODUCTS_DIR)/userDefaults.app/userDefaults";
			};
			name = Release;
		};
		58B90D5328784EFC00324A73 /* Debug */ = {
			isa = XCBuildConfiguration;
			buildSettings = {
				ALWAYS_EMBED_SWIFT_STANDARD_LIBRARIES = YES;
				CODE_SIGN_STYLE = Automatic;
				CURRENT_PROJECT_VERSION = 1;
				GENERATE_INFOPLIST_FILE = YES;
				MARKETING_VERSION = 1.0;
				PRODUCT_BUNDLE_IDENTIFIER = com.ertugrulberber.userDefaultsUITests;
				PRODUCT_NAME = "$(TARGET_NAME)";
				SWIFT_EMIT_LOC_STRINGS = NO;
				SWIFT_VERSION = 5.0;
				TARGETED_DEVICE_FAMILY = "1,2";
				TEST_TARGET_NAME = userDefaults;
			};
			name = Debug;
		};
		58B90D5428784EFC00324A73 /* Release */ = {
			isa = XCBuildConfiguration;
			buildSettings = {
				ALWAYS_EMBED_SWIFT_STANDARD_LIBRARIES = YES;
				CODE_SIGN_STYLE = Automatic;
				CURRENT_PROJECT_VERSION = 1;
				GENERATE_INFOPLIST_FILE = YES;
				MARKETING_VERSION = 1.0;
				PRODUCT_BUNDLE_IDENTIFIER = com.ertugrulberber.userDefaultsUITests;
				PRODUCT_NAME = "$(TARGET_NAME)";
				SWIFT_EMIT_LOC_STRINGS = NO;
				SWIFT_VERSION = 5.0;
				TARGETED_DEVICE_FAMILY = "1,2";
				TEST_TARGET_NAME = userDefaults;
			};
			name = Release;
		};
/* End XCBuildConfiguration section */

/* Begin XCConfigurationList section */
		58B90D1D28784EF600324A73 /* Build configuration list for PBXProject "userDefaults" */ = {
			isa = XCConfigurationList;
			buildConfigurations = (
				58B90D4A28784EFC00324A73 /* Debug */,
				58B90D4B28784EFC00324A73 /* Release */,
			);
			defaultConfigurationIsVisible = 0;
			defaultConfigurationName = Release;
		};
		58B90D4C28784EFC00324A73 /* Build configuration list for PBXNativeTarget "userDefaults" */ = {
			isa = XCConfigurationList;
			buildConfigurations = (
				58B90D4D28784EFC00324A73 /* Debug */,
				58B90D4E28784EFC00324A73 /* Release */,
			);
			defaultConfigurationIsVisible = 0;
			defaultConfigurationName = Release;
		};
		58B90D4F28784EFC00324A73 /* Build configuration list for PBXNativeTarget "userDefaultsTests" */ = {
			isa = XCConfigurationList;
			buildConfigurations = (
				58B90D5028784EFC00324A73 /* Debug */,
				58B90D5128784EFC00324A73 /* Release */,
			);
			defaultConfigurationIsVisible = 0;
			defaultConfigurationName = Release;
		};
		58B90D5228784EFC00324A73 /* Build configuration list for PBXNativeTarget "userDefaultsUITests" */ = {
			isa = XCConfigurationList;
			buildConfigurations = (
				58B90D5328784EFC00324A73 /* Debug */,
				58B90D5428784EFC00324A73 /* Release */,
			);
			defaultConfigurationIsVisible = 0;
			defaultConfigurationName = Release;
		};
/* End XCConfigurationList section */
	};
	rootObject = 58B90D1A28784EF600324A73 /* Project object */;
}
